
Microsoft Visual Studio Solution File, Format Version 12.00
# Visual Studio Version 16
VisualStudioVersion = 16.0.32106.194
MinimumVisualStudioVersion = 10.0.40219.1
Project("{FAE04EC0-301F-11D3-BF4B-00C04F79EFBC}") = "NASA_Bot", "NASA_Bot.csproj", "{8BD8ACD0-7C95-44AD-9A57-B967D7CA3257}"
EndProject
Global
	GlobalSection(SolutionConfigurationPlatforms) = preSolution
		Debug|Any CPU = Debug|Any CPU
		Release|Any CPU = Release|Any CPU
	EndGlobalSection
	GlobalSection(ProjectConfigurationPlatforms) = postSolution
		{8BD8ACD0-7C95-44AD-9A57-B967D7CA3257}.Debug|Any CPU.ActiveCfg = Debug|Any CPU
		{8BD8ACD0-7C95-44AD-9A57-B967D7CA3257}.Debug|Any CPU.Build.0 = Debug|Any CPU
		{8BD8ACD0-7C95-44AD-9A57-B967D7CA3257}.Release|Any CPU.ActiveCfg = Release|Any CPU
		{8BD8ACD0-7C95-44AD-9A57-B967D7CA3257}.Release|Any CPU.Build.0 = Release|Any CPU
	EndGlobalSection
	GlobalSection(SolutionProperties) = preSolution
		HideSolutionNode = FALSE
	EndGlobalSection
	GlobalSection(ExtensibilityGlobals) = postSolution
		SolutionGuid = {23888CFB-E50A-4853-A8C9-4C55F161F663}
	EndGlobalSection
EndGlobal
